
Microsoft Visual Studio Solution File, Format Version 12.00
# Visual Studio Version 17
VisualStudioVersion = 17.14.36414.22 d17.14
MinimumVisualStudioVersion = 10.0.40219.1
Project("{FAE04EC0-301F-11D3-BF4B-00C04F79EFBC}") = "PRAKTIK 5.7-INTAN-XPPLG1", "PRAKTIK 5.7-INTAN-XPPLG1\PRAKTIK 5.7-INTAN-XPPLG1.csproj", "{2159A823-B37C-425D-AFFD-A87BEFACC76E}"
EndProject
Global
	GlobalSection(SolutionConfigurationPlatforms) = preSolution
		Debug|Any CPU = Debug|Any CPU
		Release|Any CPU = Release|Any CPU
	EndGlobalSection
	GlobalSection(ProjectConfigurationPlatforms) = postSolution
		{2159A823-B37C-425D-AFFD-A87BEFACC76E}.Debug|Any CPU.ActiveCfg = Debug|Any CPU
		{2159A823-B37C-425D-AFFD-A87BEFACC76E}.Debug|Any CPU.Build.0 = Debug|Any CPU
		{2159A823-B37C-425D-AFFD-A87BEFACC76E}.Release|Any CPU.ActiveCfg = Release|Any CPU
		{2159A823-B37C-425D-AFFD-A87BEFACC76E}.Release|Any CPU.Build.0 = Release|Any CPU
	EndGlobalSection
	GlobalSection(SolutionProperties) = preSolution
		HideSolutionNode = FALSE
	EndGlobalSection
	GlobalSection(ExtensibilityGlobals) = postSolution
		SolutionGuid = {26B6ABF2-FAA4-4B6D-8C08-F174BC6311B1}
	EndGlobalSection
EndGlobal
