
Microsoft Visual Studio Solution File, Format Version 12.00
# Visual Studio Version 17
VisualStudioVersion = 17.14.36414.22 d17.14
MinimumVisualStudioVersion = 10.0.40219.1
Project("{FAE04EC0-301F-11D3-BF4B-00C04F79EFBC}") = "PRAKTIK 5.1-INTAN", "PRAKTIK 5.1-INTAN\PRAKTIK 5.1-INTAN.csproj", "{865FB65B-FE3B-4993-9ACC-352F497FED44}"
EndProject
Global
	GlobalSection(SolutionConfigurationPlatforms) = preSolution
		Debug|Any CPU = Debug|Any CPU
		Release|Any CPU = Release|Any CPU
	EndGlobalSection
	GlobalSection(ProjectConfigurationPlatforms) = postSolution
		{865FB65B-FE3B-4993-9ACC-352F497FED44}.Debug|Any CPU.ActiveCfg = Debug|Any CPU
		{865FB65B-FE3B-4993-9ACC-352F497FED44}.Debug|Any CPU.Build.0 = Debug|Any CPU
		{865FB65B-FE3B-4993-9ACC-352F497FED44}.Release|Any CPU.ActiveCfg = Release|Any CPU
		{865FB65B-FE3B-4993-9ACC-352F497FED44}.Release|Any CPU.Build.0 = Release|Any CPU
	EndGlobalSection
	GlobalSection(SolutionProperties) = preSolution
		HideSolutionNode = FALSE
	EndGlobalSection
	GlobalSection(ExtensibilityGlobals) = postSolution
		SolutionGuid = {496C35D1-2956-4103-8F06-7A0CB7DE6B58}
	EndGlobalSection
EndGlobal
